
Microsoft Visual Studio Solution File, Format Version 12.00
# Visual Studio Version 16
VisualStudioVersion = 16.0.31424.327
MinimumVisualStudioVersion = 10.0.40219.1
Project("{FAE04EC0-301F-11D3-BF4B-00C04F79EFBC}") = "ATMTests", "ATMTests\ATMTests.csproj", "{4F61D7E4-DFA0-4E5C-8F85-4F6FB587BCB9}"
EndProject
Project("{FAE04EC0-301F-11D3-BF4B-00C04F79EFBC}") = "ATM", "ATM\ATM.csproj", "{FC508D24-92A6-494E-BCE5-57A2B3FFA3B6}"
EndProject
Global
	GlobalSection(SolutionConfigurationPlatforms) = preSolution
		Debug|Any CPU = Debug|Any CPU
		Release|Any CPU = Release|Any CPU
	EndGlobalSection
	GlobalSection(ProjectConfigurationPlatforms) = postSolution
		{4F61D7E4-DFA0-4E5C-8F85-4F6FB587BCB9}.Debug|Any CPU.ActiveCfg = Debug|Any CPU
		{4F61D7E4-DFA0-4E5C-8F85-4F6FB587BCB9}.Debug|Any CPU.Build.0 = Debug|Any CPU
		{4F61D7E4-DFA0-4E5C-8F85-4F6FB587BCB9}.Release|Any CPU.ActiveCfg = Release|Any CPU
		{4F61D7E4-DFA0-4E5C-8F85-4F6FB587BCB9}.Release|Any CPU.Build.0 = Release|Any CPU
		{FC508D24-92A6-494E-BCE5-57A2B3FFA3B6}.Debug|Any CPU.ActiveCfg = Debug|Any CPU
		{FC508D24-92A6-494E-BCE5-57A2B3FFA3B6}.Debug|Any CPU.Build.0 = Debug|Any CPU
		{FC508D24-92A6-494E-BCE5-57A2B3FFA3B6}.Release|Any CPU.ActiveCfg = Release|Any CPU
		{FC508D24-92A6-494E-BCE5-57A2B3FFA3B6}.Release|Any CPU.Build.0 = Release|Any CPU
	EndGlobalSection
	GlobalSection(SolutionProperties) = preSolution
		HideSolutionNode = FALSE
	EndGlobalSection
	GlobalSection(ExtensibilityGlobals) = postSolution
		SolutionGuid = {AA6D2BE2-EA6C-4E53-A4CD-711471C8071F}
	EndGlobalSection
EndGlobal
